
Microsoft Visual Studio Solution File, Format Version 12.00
# Visual Studio Version 16
VisualStudioVersion = 16.0.29215.179
MinimumVisualStudioVersion = 10.0.40219.1
Project("{FAE04EC0-301F-11D3-BF4B-00C04F79EFBC}") = "exe02", "exe02\exe02.csproj", "{9597DDF8-2105-48A1-B47A-825F634F74EF}"
EndProject
Global
	GlobalSection(SolutionConfigurationPlatforms) = preSolution
		Debug|Any CPU = Debug|Any CPU
		Release|Any CPU = Release|Any CPU
	EndGlobalSection
	GlobalSection(ProjectConfigurationPlatforms) = postSolution
		{9597DDF8-2105-48A1-B47A-825F634F74EF}.Debug|Any CPU.ActiveCfg = Debug|Any CPU
		{9597DDF8-2105-48A1-B47A-825F634F74EF}.Debug|Any CPU.Build.0 = Debug|Any CPU
		{9597DDF8-2105-48A1-B47A-825F634F74EF}.Release|Any CPU.ActiveCfg = Release|Any CPU
		{9597DDF8-2105-48A1-B47A-825F634F74EF}.Release|Any CPU.Build.0 = Release|Any CPU
	EndGlobalSection
	GlobalSection(SolutionProperties) = preSolution
		HideSolutionNode = FALSE
	EndGlobalSection
	GlobalSection(ExtensibilityGlobals) = postSolution
		SolutionGuid = {25E85F22-8971-4508-90E8-B47A8BAD4D81}
	EndGlobalSection
EndGlobal
