
Microsoft Visual Studio Solution File, Format Version 12.00
# Visual Studio Version 16
VisualStudioVersion = 16.0.29215.179
MinimumVisualStudioVersion = 10.0.40219.1
Project("{FAE04EC0-301F-11D3-BF4B-00C04F79EFBC}") = "exe04", "exe04\exe04.csproj", "{07B914FC-38DF-4345-AD38-FE61C93E4603}"
EndProject
Global
	GlobalSection(SolutionConfigurationPlatforms) = preSolution
		Debug|Any CPU = Debug|Any CPU
		Release|Any CPU = Release|Any CPU
	EndGlobalSection
	GlobalSection(ProjectConfigurationPlatforms) = postSolution
		{07B914FC-38DF-4345-AD38-FE61C93E4603}.Debug|Any CPU.ActiveCfg = Debug|Any CPU
		{07B914FC-38DF-4345-AD38-FE61C93E4603}.Debug|Any CPU.Build.0 = Debug|Any CPU
		{07B914FC-38DF-4345-AD38-FE61C93E4603}.Release|Any CPU.ActiveCfg = Release|Any CPU
		{07B914FC-38DF-4345-AD38-FE61C93E4603}.Release|Any CPU.Build.0 = Release|Any CPU
	EndGlobalSection
	GlobalSection(SolutionProperties) = preSolution
		HideSolutionNode = FALSE
	EndGlobalSection
	GlobalSection(ExtensibilityGlobals) = postSolution
		SolutionGuid = {DCD4E0E4-4EDF-47F9-AC92-1BD78E895A57}
	EndGlobalSection
EndGlobal
