
Microsoft Visual Studio Solution File, Format Version 12.00
# Visual Studio Version 16
VisualStudioVersion = 16.0.29215.179
MinimumVisualStudioVersion = 10.0.40219.1
Project("{FAE04EC0-301F-11D3-BF4B-00C04F79EFBC}") = "exe03", "exe03\exe03.csproj", "{521B49DC-0C36-4AFD-857F-FED608463C68}"
EndProject
Global
	GlobalSection(SolutionConfigurationPlatforms) = preSolution
		Debug|Any CPU = Debug|Any CPU
		Release|Any CPU = Release|Any CPU
	EndGlobalSection
	GlobalSection(ProjectConfigurationPlatforms) = postSolution
		{521B49DC-0C36-4AFD-857F-FED608463C68}.Debug|Any CPU.ActiveCfg = Debug|Any CPU
		{521B49DC-0C36-4AFD-857F-FED608463C68}.Debug|Any CPU.Build.0 = Debug|Any CPU
		{521B49DC-0C36-4AFD-857F-FED608463C68}.Release|Any CPU.ActiveCfg = Release|Any CPU
		{521B49DC-0C36-4AFD-857F-FED608463C68}.Release|Any CPU.Build.0 = Release|Any CPU
	EndGlobalSection
	GlobalSection(SolutionProperties) = preSolution
		HideSolutionNode = FALSE
	EndGlobalSection
	GlobalSection(ExtensibilityGlobals) = postSolution
		SolutionGuid = {A5F01A76-CCF0-45A9-8ADF-1714E4D59082}
	EndGlobalSection
EndGlobal
